
Microsoft Visual Studio Solution File, Format Version 12.00
# Visual Studio Version 17
VisualStudioVersion = 17.6.33815.320
MinimumVisualStudioVersion = 10.0.40219.1
Project("{FAE04EC0-301F-11D3-BF4B-00C04F79EFBC}") = "Phase2Assignment-16", "Phase2Assignment-16\Phase2Assignment-16.csproj", "{4A4CAB20-04F0-4233-9E17-B162D2B887E1}"
EndProject
Global
	GlobalSection(SolutionConfigurationPlatforms) = preSolution
		Debug|Any CPU = Debug|Any CPU
		Release|Any CPU = Release|Any CPU
	EndGlobalSection
	GlobalSection(ProjectConfigurationPlatforms) = postSolution
		{4A4CAB20-04F0-4233-9E17-B162D2B887E1}.Debug|Any CPU.ActiveCfg = Debug|Any CPU
		{4A4CAB20-04F0-4233-9E17-B162D2B887E1}.Debug|Any CPU.Build.0 = Debug|Any CPU
		{4A4CAB20-04F0-4233-9E17-B162D2B887E1}.Release|Any CPU.ActiveCfg = Release|Any CPU
		{4A4CAB20-04F0-4233-9E17-B162D2B887E1}.Release|Any CPU.Build.0 = Release|Any CPU
	EndGlobalSection
	GlobalSection(SolutionProperties) = preSolution
		HideSolutionNode = FALSE
	EndGlobalSection
	GlobalSection(ExtensibilityGlobals) = postSolution
		SolutionGuid = {8F69700E-52BE-46F9-A062-4127C0B94C61}
	EndGlobalSection
EndGlobal
